
Microsoft Visual Studio Solution File, Format Version 12.00
# Visual Studio Version 16
VisualStudioVersion = 16.0.30611.23
MinimumVisualStudioVersion = 10.0.40219.1
Project("{9A19103F-16F7-4668-BE54-9A1E7A4F7556}") = "Identity.API", "Identity.API\Identity.API.csproj", "{F6E998AA-7E7E-4D6F-89D4-934416B9C770}"
EndProject
Project("{9A19103F-16F7-4668-BE54-9A1E7A4F7556}") = "CommonUtil", "CommonUtil\CommonUtil.csproj", "{14B8FED1-68FC-4079-B318-886CFBC9310D}"
EndProject
Global
	GlobalSection(SolutionConfigurationPlatforms) = preSolution
		Debug|Any CPU = Debug|Any CPU
		Release|Any CPU = Release|Any CPU
	EndGlobalSection
	GlobalSection(ProjectConfigurationPlatforms) = postSolution
		{F6E998AA-7E7E-4D6F-89D4-934416B9C770}.Debug|Any CPU.ActiveCfg = Debug|Any CPU
		{F6E998AA-7E7E-4D6F-89D4-934416B9C770}.Debug|Any CPU.Build.0 = Debug|Any CPU
		{F6E998AA-7E7E-4D6F-89D4-934416B9C770}.Release|Any CPU.ActiveCfg = Release|Any CPU
		{F6E998AA-7E7E-4D6F-89D4-934416B9C770}.Release|Any CPU.Build.0 = Release|Any CPU
		{14B8FED1-68FC-4079-B318-886CFBC9310D}.Debug|Any CPU.ActiveCfg = Debug|Any CPU
		{14B8FED1-68FC-4079-B318-886CFBC9310D}.Debug|Any CPU.Build.0 = Debug|Any CPU
		{14B8FED1-68FC-4079-B318-886CFBC9310D}.Release|Any CPU.ActiveCfg = Release|Any CPU
		{14B8FED1-68FC-4079-B318-886CFBC9310D}.Release|Any CPU.Build.0 = Release|Any CPU
	EndGlobalSection
	GlobalSection(SolutionProperties) = preSolution
		HideSolutionNode = FALSE
	EndGlobalSection
	GlobalSection(ExtensibilityGlobals) = postSolution
		SolutionGuid = {356F7369-D1E8-4129-A3BA-CC5625AC143B}
	EndGlobalSection
EndGlobal
